version = 1
revision = 3
requires-python = ">=3.14"

[manifest]
constraints = [
    { name = "pyqt5-qt5", specifier = "<=5.15.2" },
    { name = "pyqtwebengine-qt5", specifier = "<=5.15.2" },
]

[[package]]
name = "darkdetect"
version = "0.7.1"
source = { registry = "https://pypi.org/simple" }
sdist = { url = "https://files.pythonhosted.org/packages/48/2e/346667de53b48417e6237efd9d076d6530c413666fcbc381adbfeff21ce7/darkdetect-0.7.1.tar.gz", hash = "sha256:47be3cf5134432ddb616bbffc927237718407914993c82809983e7ccebf49013", size = 6976, upload-time = "2022-07-18T21:10:27.64Z" }
wheels = [
    { url = "https://files.pythonhosted.org/packages/63/bd/b31abc8fcaab163e0b9501020309dd9094b47d609035a23e6ec0a0a8ba10/darkdetect-0.7.1-py2.py3-none-any.whl", hash = "sha256:3efe69f8ecd5f1b7f4fbb0d1d93f656b0e493c45cc49222380ffe2a529cbc866", size = 8199, upload-time = "2022-07-18T21:10:26.178Z" },
]

[[package]]
name = "jk-browser"
version = "0.1.0"
source = { virtual = "." }
dependencies = [
    { name = "pyqt5" },
    { name = "pyqtdarktheme" },
    { name = "pyqtwebengine" },
]

[package.metadata]
requires-dist = [
    { name = "pyqt5", specifier = ">=5.15.11" },
    { name = "pyqtdarktheme", specifier = ">=2.1.0" },
    { name = "pyqtwebengine", specifier = ">=5.15.7" },
]

[[package]]
name = "pyqt5"
version = "5.15.11"
source = { registry = "https://pypi.org/simple" }
dependencies = [
    { name = "pyqt5-qt5" },
    { name = "pyqt5-sip" },
]
sdist = { url = "https://files.pythonhosted.org/packages/0e/07/c9ed0bd428df6f87183fca565a79fee19fa7c88c7f00a7f011ab4379e77a/PyQt5-5.15.11.tar.gz", hash = "sha256:fda45743ebb4a27b4b1a51c6d8ef455c4c1b5d610c90d2934c7802b5c1557c52", size = 3216775, upload-time = "2024-07-19T08:39:57.756Z" }
wheels = [
    { url = "https://files.pythonhosted.org/packages/11/64/42ec1b0bd72d87f87bde6ceb6869f444d91a2d601f2e67cd05febc0346a1/PyQt5-5.15.11-cp38-abi3-macosx_11_0_arm64.whl", hash = "sha256:c8b03dd9380bb13c804f0bdb0f4956067f281785b5e12303d529f0462f9afdc2", size = 6579776, upload-time = "2024-07-19T08:39:19.775Z" },
    { url = "https://files.pythonhosted.org/packages/49/f5/3fb696f4683ea45d68b7e77302eff173493ac81e43d63adb60fa760b9f91/PyQt5-5.15.11-cp38-abi3-macosx_11_0_x86_64.whl", hash = "sha256:6cd75628f6e732b1ffcfe709ab833a0716c0445d7aec8046a48d5843352becb6", size = 7016415, upload-time = "2024-07-19T08:39:32.977Z" },
    { url = "https://files.pythonhosted.org/packages/b4/8c/4065950f9d013c4b2e588fe33cf04e564c2322842d84dbcbce5ba1dc28b0/PyQt5-5.15.11-cp38-abi3-manylinux_2_17_x86_64.whl", hash = "sha256:cd672a6738d1ae33ef7d9efa8e6cb0a1525ecf53ec86da80a9e1b6ec38c8d0f1", size = 8188103, upload-time = "2024-07-19T08:39:40.561Z" },
    { url = "https://files.pythonhosted.org/packages/f3/f0/ae5a5b4f9b826b29ea4be841b2f2d951bcf5ae1d802f3732b145b57c5355/PyQt5-5.15.11-cp38-abi3-win32.whl", hash = "sha256:76be0322ceda5deecd1708a8d628e698089a1cea80d1a49d242a6d579a40babd", size = 5433308, upload-time = "2024-07-19T08:39:46.932Z" },
    { url = "https://files.pythonhosted.org/packages/56/d5/68eb9f3d19ce65df01b6c7b7a577ad3bbc9ab3a5dd3491a4756e71838ec9/PyQt5-5.15.11-cp38-abi3-win_amd64.whl", hash = "sha256:bdde598a3bb95022131a5c9ea62e0a96bd6fb28932cc1619fd7ba211531b7517", size = 6865864, upload-time = "2024-07-19T08:39:53.572Z" },
]

[[package]]
name = "pyqt5-qt5"
version = "5.15.2"
source = { registry = "https://pypi.org/simple" }
wheels = [
    { url = "https://files.pythonhosted.org/packages/62/09/99a222b0360616250fb2e6003a54e43a2a06b0774f0f8d5daafb86a2c375/PyQt5_Qt5-5.15.2-py3-none-macosx_10_13_intel.whl", hash = "sha256:76980cd3d7ae87e3c7a33bfebfaee84448fd650bad6840471d6cae199b56e154", size = 40546019, upload-time = "2021-03-10T13:52:47.763Z" },
    { url = "https://files.pythonhosted.org/packages/83/d4/241a6a518d0bcf0a9fcdcbad5edfed18d43e884317eab8d5230a2b27e206/PyQt5_Qt5-5.15.2-py3-none-manylinux2014_x86_64.whl", hash = "sha256:1988f364ec8caf87a6ee5d5a3a5210d57539988bf8e84714c7d60972692e2f4a", size = 59921716, upload-time = "2021-03-10T13:57:39.485Z" },
    { url = "https://files.pythonhosted.org/packages/1c/7e/ce7c66a541a105fa98b41d6405fe84940564695e29fc7dccf6d9e8c5f898/PyQt5_Qt5-5.15.2-py3-none-win32.whl", hash = "sha256:9cc7a768b1921f4b982ebc00a318ccb38578e44e45316c7a4a850e953e1dd327", size = 43447358, upload-time = "2021-03-10T14:01:17.827Z" },
    { url = "https://files.pythonhosted.org/packages/37/97/5d3b222b924fa2ed4c2488925155cd0b03fd5d09ee1cfcf7c553c11c9f66/PyQt5_Qt5-5.15.2-py3-none-win_amd64.whl", hash = "sha256:750b78e4dba6bdf1607febedc08738e318ea09e9b10aea9ff0d73073f11f6962", size = 50075158, upload-time = "2021-03-10T14:05:20.868Z" },
]

[[package]]
name = "pyqt5-sip"
version = "12.18.0"
source = { registry = "https://pypi.org/simple" }
sdist = { url = "https://files.pythonhosted.org/packages/f3/31/5ef342de9faee0f3801088946ae103db9b9eaeba3d6a64fefd5ce74df244/pyqt5_sip-12.18.0.tar.gz", hash = "sha256:71c37db75a0664325de149f43e2a712ec5fa1f90429a21dafbca005cb6767f94", size = 104143, upload-time = "2026-01-13T15:53:19.576Z" }
wheels = [
    { url = "https://files.pythonhosted.org/packages/37/3a/b46a0116b1aacbb6156b2957eb5cb928c94b49f4626eb2540ca8d16ee757/pyqt5_sip-12.18.0-cp314-cp314-macosx_10_15_universal2.whl", hash = "sha256:8372ec8704bfd5e09942d0d055a1657eb4f702f4b30847a5e59df0496f99d67f", size = 124594, upload-time = "2026-01-13T15:53:13.159Z" },
    { url = "https://files.pythonhosted.org/packages/58/63/df3037f11391c25c5b0ab233d22e58b8f056cb1ce16d7ecadb844421ce75/pyqt5_sip-12.18.0-cp314-cp314-manylinux1_x86_64.manylinux_2_5_x86_64.whl", hash = "sha256:fdb45c7cd2af7eccd7370b994d432bfc7965079f845392760724f26771bb59dc", size = 339056, upload-time = "2026-01-13T15:53:16.558Z" },
    { url = "https://files.pythonhosted.org/packages/f5/e7/4f96b84520b8f8b7502682fd43f68f63ca6572b5858f56e5f61c76a54fe2/pyqt5_sip-12.18.0-cp314-cp314-manylinux_2_5_x86_64.manylinux1_x86_64.whl", hash = "sha256:92abe984becbde768954d6d0951f56d80a9868d2fd9e738e61fc944f0ff83dd6", size = 282439, upload-time = "2026-01-13T15:53:14.856Z" },
    { url = "https://files.pythonhosted.org/packages/79/8e/ccdf20d373ceba83e1d1b7f818505c375208ffde4a96376dc7dbe592406c/pyqt5_sip-12.18.0-cp314-cp314-win32.whl", hash = "sha256:bd9e3c6f81346f1b08d6db02305cdee20c009b43aa083d44ee2de47a7da0e123", size = 50713, upload-time = "2026-01-13T15:53:18.634Z" },
    { url = "https://files.pythonhosted.org/packages/7f/21/8486ed45977be615ec5371b24b47298b1cb0e1a455b419eddd0215078dba/pyqt5_sip-12.18.0-cp314-cp314-win_amd64.whl", hash = "sha256:6d948f1be619c645cd3bda54952bfdc1aef7c79242dccea6a6858748e61114b9", size = 59622, upload-time = "2026-01-13T15:53:17.714Z" },
]

[[package]]
name = "pyqtdarktheme"
version = "2.1.0"
source = { registry = "https://pypi.org/simple" }
dependencies = [
    { name = "darkdetect" },
]
sdist = { url = "https://files.pythonhosted.org/packages/5c/f1/786feaad7a333072b34a913dbe38aef94b5ae43ad188934f5d70007aea79/pyqtdarktheme-2.1.0.tar.gz", hash = "sha256:5f8274ddfa3a5481ed9743cdb0f9debfeb7ff695b3a0d202a8104361d17dadb8", size = 42186, upload-time = "2022-12-25T08:33:11.662Z" }
wheels = [
    { url = "https://files.pythonhosted.org/packages/12/cd/8ce0ac84e9f68dc549edcc5cbdeac7511439c5f7ee6c05f1f8826ef05d44/pyqtdarktheme-2.1.0-py3-none-any.whl", hash = "sha256:8739d99502230fbaca42551ea033c9ae31c81c4ebfec2f1ffde38f32a18bea7a", size = 54242, upload-time = "2022-12-25T08:33:10.125Z" },
]

[[package]]
name = "pyqtwebengine"
version = "5.15.7"
source = { registry = "https://pypi.org/simple" }
dependencies = [
    { name = "pyqt5" },
    { name = "pyqt5-sip" },
    { name = "pyqtwebengine-qt5" },
]
sdist = { url = "https://files.pythonhosted.org/packages/18/e8/19a00646866e950307f8cd73841575cdb92800ae14837d5821bcbb91392c/PyQtWebEngine-5.15.7.tar.gz", hash = "sha256:f121ac6e4a2f96ac289619bcfc37f64e68362f24a346553f5d6c42efa4228a4d", size = 32223, upload-time = "2024-07-19T08:44:48.6Z" }
wheels = [
    { url = "https://files.pythonhosted.org/packages/2e/3d/8961b3bb00c0979280a1a160c745e1d543b4d5823f8a71dfa370898b5699/PyQtWebEngine-5.15.7-cp38-abi3-macosx_11_0_arm64.whl", hash = "sha256:e17187d9a3db3bab041f31385ed72832312557fefc5bd63ae4692df306dc1572", size = 181029, upload-time = "2024-07-19T08:44:31.266Z" },
    { url = "https://files.pythonhosted.org/packages/8e/c7/82bdc50b44f505a87e6a9d7f4a4d017c8e2f06b9f3ab8f661adff00b95c6/PyQtWebEngine-5.15.7-cp38-abi3-macosx_11_0_x86_64.whl", hash = "sha256:021814af1ff7d8be447c5314891cd4ddc931deae393dc2d38a816569aa0eb8cd", size = 187313, upload-time = "2024-07-19T08:44:43.002Z" },
    { url = "https://files.pythonhosted.org/packages/ea/a0/b36e7d6f0cd69b7dd58f0d733188e100115c5fce1c0606ad84bf35ef7ceb/PyQtWebEngine-5.15.7-cp38-abi3-manylinux_2_17_x86_64.whl", hash = "sha256:965461ca0cf414e03bd510a9a0e2ea36dc21deaa7fc4a631be4a1f2aa0327179", size = 227640, upload-time = "2024-07-19T08:44:44.236Z" },
    { url = "https://files.pythonhosted.org/packages/54/b9/0e68e30cec6a02d8d27c7663de77460156c5342848e2f72424e577c66eaf/PyQtWebEngine-5.15.7-cp38-abi3-win32.whl", hash = "sha256:c0680527b1af3e0145ce5e0f2ba2156ff0b4b38844392cf0ddd37ede6a9edeab", size = 160980, upload-time = "2024-07-19T08:44:45.482Z" },
    { url = "https://files.pythonhosted.org/packages/39/67/0dead50889d905fc99f40e61e5ab7f73746605ce8f74c4fa7fb3fc1d6c5e/PyQtWebEngine-5.15.7-cp38-abi3-win_amd64.whl", hash = "sha256:bd5e8c426d6f6b352cd15800d64a89b2a4a11e098460b818c7bdcf5e5612e44f", size = 184657, upload-time = "2024-07-19T08:44:47.066Z" },
]

[[package]]
name = "pyqtwebengine-qt5"
version = "5.15.2"
source = { registry = "https://pypi.org/simple" }
wheels = [
    { url = "https://files.pythonhosted.org/packages/14/df/ff7c2e08a1458423ffaf8f50c26202b6fbe1a55315baa1062b34f0176c44/PyQtWebEngine_Qt5-5.15.2-py3-none-macosx_10_13_intel.whl", hash = "sha256:bc7b1fd1f4f8138d59b0b0245d601fb2c5c0aa1e1e7e853b713e52a3165d147e", size = 77943087, upload-time = "2021-03-10T14:23:32.928Z" },
    { url = "https://files.pythonhosted.org/packages/48/62/117c9c96837287b181fce6da481065ddda68b3a8c0fa5f00ea62cc08b877/PyQtWebEngine_Qt5-5.15.2-py3-none-manylinux2014_x86_64.whl", hash = "sha256:ec2acb1780c0124ef060c310e00ca701f388d8b6c35bba9127f7a6f0dc536f77", size = 67510109, upload-time = "2021-03-10T14:28:57.413Z" },
    { url = "https://files.pythonhosted.org/packages/4d/25/42925450ba25cc8a2748cbb602f9ccca6c01c45bf23810c3b3219e917962/PyQtWebEngine_Qt5-5.15.2-py3-none-win32.whl", hash = "sha256:9e80b408d8de09d4e708d5d84c3ceaf3603292ff8f5e566ae44bb0320fa59c33", size = 50193245, upload-time = "2021-03-10T14:32:58.905Z" },
    { url = "https://files.pythonhosted.org/packages/e0/db/0f29bd882aee8b5754f3e1ab104d2d09cdd9138a889558b43badcd81ce11/PyQtWebEngine_Qt5-5.15.2-py3-none-win_amd64.whl", hash = "sha256:24231f19e1595018779977de6722b5c69f3d03f34a5f7574ff21cd1e764ef76d", size = 60001343, upload-time = "2021-03-10T14:37:38.384Z" },
]
